
Microsoft Visual Studio Solution File, Format Version 12.00
# Visual Studio Version 17
VisualStudioVersion = 17.0.31919.166
MinimumVisualStudioVersion = 16.0.0.0
Project("{9A19103F-16F7-4668-BE54-9A1E7A4F7556}") = "Build", "build\Build.csproj", "{70D9622F-52BF-4ADF-A1C6-A179C339C273}"
EndProject
Project("{9A19103F-16F7-4668-BE54-9A1E7A4F7556}") = "PlanningPoker.Client", "src\Client\PlanningPoker.Client.csproj", "{60EC7946-0E69-4155-BA3C-5FABC974D2B4}"
EndProject
Project("{9A19103F-16F7-4668-BE54-9A1E7A4F7556}") = "PlanningPoker.SharedKernel", "src\SharedKernel\PlanningPoker.SharedKernel.csproj", "{B71A9A02-EC13-45F9-8038-1A7FA058443A}"
EndProject
Project("{9A19103F-16F7-4668-BE54-9A1E7A4F7556}") = "PlanningPoker.Persistence", "src\Persistence\PlanningPoker.Persistence.csproj", "{7FB432B3-9906-4D41-B584-3B95CCB41358}"
EndProject
Project("{9A19103F-16F7-4668-BE54-9A1E7A4F7556}") = "PlanningPoker.Identity", "src\Identity\PlanningPoker.Identity.csproj", "{F417EF16-4F1E-468B-9FE8-98A68B0EC8F1}"
EndProject
Project("{9A19103F-16F7-4668-BE54-9A1E7A4F7556}") = "PlanningPoker.WebAPI", "src\WebAPI\PlanningPoker.WebAPI.csproj", "{B3A961F8-C059-42C7-9217-AA0BAEC96849}"
EndProject
Project("{9A19103F-16F7-4668-BE54-9A1E7A4F7556}") = "PlanningPoker.Core", "src\Core\PlanningPoker.Core.csproj", "{9A27A723-DBF8-4C02-9049-22DB14FB7BE5}"
EndProject
Project("{9A19103F-16F7-4668-BE54-9A1E7A4F7556}") = "PlanningPoker.BFF", "src\BFF\PlanningPoker.BFF.csproj", "{5991D773-AE88-45F1-B518-2D7A5E3D3BA2}"
EndProject
Project("{FAE04EC0-301F-11D3-BF4B-00C04F79EFBC}") = "PlanningPoker.Generated", "src\Generated\PlanningPoker.Generated.csproj", "{4D6F570B-D53D-4C8E-B191-4D35614B13CE}"
EndProject
Project("{FAE04EC0-301F-11D3-BF4B-00C04F79EFBC}") = "PlanningPoker.Sockets", "src\Sockets\PlanningPoker.Sockets.csproj", "{64EB2ABB-A6DB-47E1-B8B4-7AAEEC6ED5FD}"
EndProject
Project("{2150E333-8FDC-42A3-9474-1A3956D46DE8}") = "Solution Items", "Solution Items", "{7277D9BC-ECFC-435F-B515-D7943565953F}"
	ProjectSection(SolutionItems) = preProject
		.editorconfig = .editorconfig
		Directory.Packages.props = Directory.Packages.props
	EndProjectSection
EndProject
Global
	GlobalSection(SolutionConfigurationPlatforms) = preSolution
		Debug|Any CPU = Debug|Any CPU
		Debug|x64 = Debug|x64
		Debug|x86 = Debug|x86
		Release|Any CPU = Release|Any CPU
		Release|x64 = Release|x64
		Release|x86 = Release|x86
	EndGlobalSection
	GlobalSection(ProjectConfigurationPlatforms) = postSolution
		{70D9622F-52BF-4ADF-A1C6-A179C339C273}.Debug|Any CPU.ActiveCfg = Debug|Any CPU
		{70D9622F-52BF-4ADF-A1C6-A179C339C273}.Debug|x64.ActiveCfg = Debug|Any CPU
		{70D9622F-52BF-4ADF-A1C6-A179C339C273}.Debug|x86.ActiveCfg = Debug|Any CPU
		{70D9622F-52BF-4ADF-A1C6-A179C339C273}.Release|Any CPU.ActiveCfg = Release|Any CPU
		{70D9622F-52BF-4ADF-A1C6-A179C339C273}.Release|x64.ActiveCfg = Release|Any CPU
		{70D9622F-52BF-4ADF-A1C6-A179C339C273}.Release|x86.ActiveCfg = Release|Any CPU
		{60EC7946-0E69-4155-BA3C-5FABC974D2B4}.Debug|Any CPU.ActiveCfg = Debug|Any CPU
		{60EC7946-0E69-4155-BA3C-5FABC974D2B4}.Debug|Any CPU.Build.0 = Debug|Any CPU
		{60EC7946-0E69-4155-BA3C-5FABC974D2B4}.Debug|x64.ActiveCfg = Debug|Any CPU
		{60EC7946-0E69-4155-BA3C-5FABC974D2B4}.Debug|x64.Build.0 = Debug|Any CPU
		{60EC7946-0E69-4155-BA3C-5FABC974D2B4}.Debug|x86.ActiveCfg = Debug|Any CPU
		{60EC7946-0E69-4155-BA3C-5FABC974D2B4}.Debug|x86.Build.0 = Debug|Any CPU
		{60EC7946-0E69-4155-BA3C-5FABC974D2B4}.Release|Any CPU.ActiveCfg = Release|Any CPU
		{60EC7946-0E69-4155-BA3C-5FABC974D2B4}.Release|Any CPU.Build.0 = Release|Any CPU
		{60EC7946-0E69-4155-BA3C-5FABC974D2B4}.Release|x64.ActiveCfg = Release|Any CPU
		{60EC7946-0E69-4155-BA3C-5FABC974D2B4}.Release|x64.Build.0 = Release|Any CPU
		{60EC7946-0E69-4155-BA3C-5FABC974D2B4}.Release|x86.ActiveCfg = Release|Any CPU
		{60EC7946-0E69-4155-BA3C-5FABC974D2B4}.Release|x86.Build.0 = Release|Any CPU
		{B71A9A02-EC13-45F9-8038-1A7FA058443A}.Debug|Any CPU.ActiveCfg = Debug|Any CPU
		{B71A9A02-EC13-45F9-8038-1A7FA058443A}.Debug|Any CPU.Build.0 = Debug|Any CPU
		{B71A9A02-EC13-45F9-8038-1A7FA058443A}.Debug|x64.ActiveCfg = Debug|Any CPU
		{B71A9A02-EC13-45F9-8038-1A7FA058443A}.Debug|x64.Build.0 = Debug|Any CPU
		{B71A9A02-EC13-45F9-8038-1A7FA058443A}.Debug|x86.ActiveCfg = Debug|Any CPU
		{B71A9A02-EC13-45F9-8038-1A7FA058443A}.Debug|x86.Build.0 = Debug|Any CPU
		{B71A9A02-EC13-45F9-8038-1A7FA058443A}.Release|Any CPU.ActiveCfg = Release|Any CPU
		{B71A9A02-EC13-45F9-8038-1A7FA058443A}.Release|Any CPU.Build.0 = Release|Any CPU
		{B71A9A02-EC13-45F9-8038-1A7FA058443A}.Release|x64.ActiveCfg = Release|Any CPU
		{B71A9A02-EC13-45F9-8038-1A7FA058443A}.Release|x64.Build.0 = Release|Any CPU
		{B71A9A02-EC13-45F9-8038-1A7FA058443A}.Release|x86.ActiveCfg = Release|Any CPU
		{B71A9A02-EC13-45F9-8038-1A7FA058443A}.Release|x86.Build.0 = Release|Any CPU
		{7FB432B3-9906-4D41-B584-3B95CCB41358}.Debug|Any CPU.ActiveCfg = Debug|Any CPU
		{7FB432B3-9906-4D41-B584-3B95CCB41358}.Debug|Any CPU.Build.0 = Debug|Any CPU
		{7FB432B3-9906-4D41-B584-3B95CCB41358}.Debug|x64.ActiveCfg = Debug|Any CPU
		{7FB432B3-9906-4D41-B584-3B95CCB41358}.Debug|x64.Build.0 = Debug|Any CPU
		{7FB432B3-9906-4D41-B584-3B95CCB41358}.Debug|x86.ActiveCfg = Debug|Any CPU
		{7FB432B3-9906-4D41-B584-3B95CCB41358}.Debug|x86.Build.0 = Debug|Any CPU
		{7FB432B3-9906-4D41-B584-3B95CCB41358}.Release|Any CPU.ActiveCfg = Release|Any CPU
		{7FB432B3-9906-4D41-B584-3B95CCB41358}.Release|Any CPU.Build.0 = Release|Any CPU
		{7FB432B3-9906-4D41-B584-3B95CCB41358}.Release|x64.ActiveCfg = Release|Any CPU
		{7FB432B3-9906-4D41-B584-3B95CCB41358}.Release|x64.Build.0 = Release|Any CPU
		{7FB432B3-9906-4D41-B584-3B95CCB41358}.Release|x86.ActiveCfg = Release|Any CPU
		{7FB432B3-9906-4D41-B584-3B95CCB41358}.Release|x86.Build.0 = Release|Any CPU
		{F417EF16-4F1E-468B-9FE8-98A68B0EC8F1}.Debug|Any CPU.ActiveCfg = Debug|Any CPU
		{F417EF16-4F1E-468B-9FE8-98A68B0EC8F1}.Debug|Any CPU.Build.0 = Debug|Any CPU
		{F417EF16-4F1E-468B-9FE8-98A68B0EC8F1}.Debug|x64.ActiveCfg = Debug|Any CPU
		{F417EF16-4F1E-468B-9FE8-98A68B0EC8F1}.Debug|x64.Build.0 = Debug|Any CPU
		{F417EF16-4F1E-468B-9FE8-98A68B0EC8F1}.Debug|x86.ActiveCfg = Debug|Any CPU
		{F417EF16-4F1E-468B-9FE8-98A68B0EC8F1}.Debug|x86.Build.0 = Debug|Any CPU
		{F417EF16-4F1E-468B-9FE8-98A68B0EC8F1}.Release|Any CPU.ActiveCfg = Release|Any CPU
		{F417EF16-4F1E-468B-9FE8-98A68B0EC8F1}.Release|Any CPU.Build.0 = Release|Any CPU
		{F417EF16-4F1E-468B-9FE8-98A68B0EC8F1}.Release|x64.ActiveCfg = Release|Any CPU
		{F417EF16-4F1E-468B-9FE8-98A68B0EC8F1}.Release|x64.Build.0 = Release|Any CPU
		{F417EF16-4F1E-468B-9FE8-98A68B0EC8F1}.Release|x86.ActiveCfg = Release|Any CPU
		{F417EF16-4F1E-468B-9FE8-98A68B0EC8F1}.Release|x86.Build.0 = Release|Any CPU
		{B3A961F8-C059-42C7-9217-AA0BAEC96849}.Debug|Any CPU.ActiveCfg = Debug|Any CPU
		{B3A961F8-C059-42C7-9217-AA0BAEC96849}.Debug|Any CPU.Build.0 = Debug|Any CPU
		{B3A961F8-C059-42C7-9217-AA0BAEC96849}.Debug|x64.ActiveCfg = Debug|Any CPU
		{B3A961F8-C059-42C7-9217-AA0BAEC96849}.Debug|x64.Build.0 = Debug|Any CPU
		{B3A961F8-C059-42C7-9217-AA0BAEC96849}.Debug|x86.ActiveCfg = Debug|Any CPU
		{B3A961F8-C059-42C7-9217-AA0BAEC96849}.Debug|x86.Build.0 = Debug|Any CPU
		{B3A961F8-C059-42C7-9217-AA0BAEC96849}.Release|Any CPU.ActiveCfg = Release|Any CPU
		{B3A961F8-C059-42C7-9217-AA0BAEC96849}.Release|Any CPU.Build.0 = Release|Any CPU
		{B3A961F8-C059-42C7-9217-AA0BAEC96849}.Release|x64.ActiveCfg = Release|Any CPU
		{B3A961F8-C059-42C7-9217-AA0BAEC96849}.Release|x64.Build.0 = Release|Any CPU
		{B3A961F8-C059-42C7-9217-AA0BAEC96849}.Release|x86.ActiveCfg = Release|Any CPU
		{B3A961F8-C059-42C7-9217-AA0BAEC96849}.Release|x86.Build.0 = Release|Any CPU
		{9A27A723-DBF8-4C02-9049-22DB14FB7BE5}.Debug|Any CPU.ActiveCfg = Debug|Any CPU
		{9A27A723-DBF8-4C02-9049-22DB14FB7BE5}.Debug|Any CPU.Build.0 = Debug|Any CPU
		{9A27A723-DBF8-4C02-9049-22DB14FB7BE5}.Debug|x64.ActiveCfg = Debug|Any CPU
		{9A27A723-DBF8-4C02-9049-22DB14FB7BE5}.Debug|x64.Build.0 = Debug|Any CPU
		{9A27A723-DBF8-4C02-9049-22DB14FB7BE5}.Debug|x86.ActiveCfg = Debug|Any CPU
		{9A27A723-DBF8-4C02-9049-22DB14FB7BE5}.Debug|x86.Build.0 = Debug|Any CPU
		{9A27A723-DBF8-4C02-9049-22DB14FB7BE5}.Release|Any CPU.ActiveCfg = Release|Any CPU
		{9A27A723-DBF8-4C02-9049-22DB14FB7BE5}.Release|Any CPU.Build.0 = Release|Any CPU
		{9A27A723-DBF8-4C02-9049-22DB14FB7BE5}.Release|x64.ActiveCfg = Release|Any CPU
		{9A27A723-DBF8-4C02-9049-22DB14FB7BE5}.Release|x64.Build.0 = Release|Any CPU
		{9A27A723-DBF8-4C02-9049-22DB14FB7BE5}.Release|x86.ActiveCfg = Release|Any CPU
		{9A27A723-DBF8-4C02-9049-22DB14FB7BE5}.Release|x86.Build.0 = Release|Any CPU
		{5991D773-AE88-45F1-B518-2D7A5E3D3BA2}.Debug|Any CPU.ActiveCfg = Debug|Any CPU
		{5991D773-AE88-45F1-B518-2D7A5E3D3BA2}.Debug|Any CPU.Build.0 = Debug|Any CPU
		{5991D773-AE88-45F1-B518-2D7A5E3D3BA2}.Debug|x64.ActiveCfg = Debug|Any CPU
		{5991D773-AE88-45F1-B518-2D7A5E3D3BA2}.Debug|x64.Build.0 = Debug|Any CPU
		{5991D773-AE88-45F1-B518-2D7A5E3D3BA2}.Debug|x86.ActiveCfg = Debug|Any CPU
		{5991D773-AE88-45F1-B518-2D7A5E3D3BA2}.Debug|x86.Build.0 = Debug|Any CPU
		{5991D773-AE88-45F1-B518-2D7A5E3D3BA2}.Release|Any CPU.ActiveCfg = Release|Any CPU
		{5991D773-AE88-45F1-B518-2D7A5E3D3BA2}.Release|Any CPU.Build.0 = Release|Any CPU
		{5991D773-AE88-45F1-B518-2D7A5E3D3BA2}.Release|x64.ActiveCfg = Release|Any CPU
		{5991D773-AE88-45F1-B518-2D7A5E3D3BA2}.Release|x64.Build.0 = Release|Any CPU
		{5991D773-AE88-45F1-B518-2D7A5E3D3BA2}.Release|x86.ActiveCfg = Release|Any CPU
		{5991D773-AE88-45F1-B518-2D7A5E3D3BA2}.Release|x86.Build.0 = Release|Any CPU
		{4D6F570B-D53D-4C8E-B191-4D35614B13CE}.Debug|Any CPU.ActiveCfg = Debug|Any CPU
		{4D6F570B-D53D-4C8E-B191-4D35614B13CE}.Debug|Any CPU.Build.0 = Debug|Any CPU
		{4D6F570B-D53D-4C8E-B191-4D35614B13CE}.Debug|x64.ActiveCfg = Debug|Any CPU
		{4D6F570B-D53D-4C8E-B191-4D35614B13CE}.Debug|x64.Build.0 = Debug|Any CPU
		{4D6F570B-D53D-4C8E-B191-4D35614B13CE}.Debug|x86.ActiveCfg = Debug|Any CPU
		{4D6F570B-D53D-4C8E-B191-4D35614B13CE}.Debug|x86.Build.0 = Debug|Any CPU
		{4D6F570B-D53D-4C8E-B191-4D35614B13CE}.Release|Any CPU.ActiveCfg = Release|Any CPU
		{4D6F570B-D53D-4C8E-B191-4D35614B13CE}.Release|Any CPU.Build.0 = Release|Any CPU
		{4D6F570B-D53D-4C8E-B191-4D35614B13CE}.Release|x64.ActiveCfg = Release|Any CPU
		{4D6F570B-D53D-4C8E-B191-4D35614B13CE}.Release|x64.Build.0 = Release|Any CPU
		{4D6F570B-D53D-4C8E-B191-4D35614B13CE}.Release|x86.ActiveCfg = Release|Any CPU
		{4D6F570B-D53D-4C8E-B191-4D35614B13CE}.Release|x86.Build.0 = Release|Any CPU
		{64EB2ABB-A6DB-47E1-B8B4-7AAEEC6ED5FD}.Debug|Any CPU.ActiveCfg = Debug|Any CPU
		{64EB2ABB-A6DB-47E1-B8B4-7AAEEC6ED5FD}.Debug|Any CPU.Build.0 = Debug|Any CPU
		{64EB2ABB-A6DB-47E1-B8B4-7AAEEC6ED5FD}.Debug|x64.ActiveCfg = Debug|Any CPU
		{64EB2ABB-A6DB-47E1-B8B4-7AAEEC6ED5FD}.Debug|x64.Build.0 = Debug|Any CPU
		{64EB2ABB-A6DB-47E1-B8B4-7AAEEC6ED5FD}.Debug|x86.ActiveCfg = Debug|Any CPU
		{64EB2ABB-A6DB-47E1-B8B4-7AAEEC6ED5FD}.Debug|x86.Build.0 = Debug|Any CPU
		{64EB2ABB-A6DB-47E1-B8B4-7AAEEC6ED5FD}.Release|Any CPU.ActiveCfg = Release|Any CPU
		{64EB2ABB-A6DB-47E1-B8B4-7AAEEC6ED5FD}.Release|Any CPU.Build.0 = Release|Any CPU
		{64EB2ABB-A6DB-47E1-B8B4-7AAEEC6ED5FD}.Release|x64.ActiveCfg = Release|Any CPU
		{64EB2ABB-A6DB-47E1-B8B4-7AAEEC6ED5FD}.Release|x64.Build.0 = Release|Any CPU
		{64EB2ABB-A6DB-47E1-B8B4-7AAEEC6ED5FD}.Release|x86.ActiveCfg = Release|Any CPU
		{64EB2ABB-A6DB-47E1-B8B4-7AAEEC6ED5FD}.Release|x86.Build.0 = Release|Any CPU
	EndGlobalSection
	GlobalSection(SolutionProperties) = preSolution
		HideSolutionNode = FALSE
	EndGlobalSection
	GlobalSection(ExtensibilityGlobals) = postSolution
		SolutionGuid = {CF680427-0411-401E-83B5-74CE651BAA08}
	EndGlobalSection
EndGlobal
