
Microsoft Visual Studio Solution File, Format Version 12.00
# Visual Studio Version 17
VisualStudioVersion = 17.0.31919.166
MinimumVisualStudioVersion = 16.0.0.0
Project("{9A19103F-16F7-4668-BE54-9A1E7A4F7556}") = "_build", "build\_build.csproj", "{70D9622F-52BF-4ADF-A1C6-A179C339C273}"
EndProject
Project("{9A19103F-16F7-4668-BE54-9A1E7A4F7556}") = "PlanningPoker.BFF", "src\Server\PlanningPoker.BFF.csproj", "{D2CA27DF-524A-4A95-AEB1-D5040C717F9D}"
EndProject
Project("{9A19103F-16F7-4668-BE54-9A1E7A4F7556}") = "PlanningPoker.Client", "src\Client\PlanningPoker.Client.csproj", "{60EC7946-0E69-4155-BA3C-5FABC974D2B4}"
EndProject
Project("{9A19103F-16F7-4668-BE54-9A1E7A4F7556}") = "PlanningPoker.SharedKernel", "src\SharedKernel\PlanningPoker.SharedKernel.csproj", "{B71A9A02-EC13-45F9-8038-1A7FA058443A}"
EndProject
Project("{9A19103F-16F7-4668-BE54-9A1E7A4F7556}") = "PlanningPoker.Persistence", "src\Persistence\PlanningPoker.Persistence.csproj", "{7FB432B3-9906-4D41-B584-3B95CCB41358}"
EndProject
Project("{FAE04EC0-301F-11D3-BF4B-00C04F79EFBC}") = "PlanningPoker.OIDC", "PlanningPoker.OIDC\PlanningPoker.OIDC.csproj", "{D40DE669-D6C4-4728-A49F-DE062D64E438}"
EndProject
Global
	GlobalSection(SolutionConfigurationPlatforms) = preSolution
		Debug|Any CPU = Debug|Any CPU
		Debug|x64 = Debug|x64
		Debug|x86 = Debug|x86
		Release|Any CPU = Release|Any CPU
		Release|x64 = Release|x64
		Release|x86 = Release|x86
	EndGlobalSection
	GlobalSection(ProjectConfigurationPlatforms) = postSolution
		{70D9622F-52BF-4ADF-A1C6-A179C339C273}.Debug|Any CPU.ActiveCfg = Debug|Any CPU
		{70D9622F-52BF-4ADF-A1C6-A179C339C273}.Debug|x64.ActiveCfg = Debug|Any CPU
		{70D9622F-52BF-4ADF-A1C6-A179C339C273}.Debug|x64.Build.0 = Debug|Any CPU
		{70D9622F-52BF-4ADF-A1C6-A179C339C273}.Debug|x86.ActiveCfg = Debug|Any CPU
		{70D9622F-52BF-4ADF-A1C6-A179C339C273}.Debug|x86.Build.0 = Debug|Any CPU
		{70D9622F-52BF-4ADF-A1C6-A179C339C273}.Release|Any CPU.ActiveCfg = Release|Any CPU
		{70D9622F-52BF-4ADF-A1C6-A179C339C273}.Release|x64.ActiveCfg = Release|Any CPU
		{70D9622F-52BF-4ADF-A1C6-A179C339C273}.Release|x64.Build.0 = Release|Any CPU
		{70D9622F-52BF-4ADF-A1C6-A179C339C273}.Release|x86.ActiveCfg = Release|Any CPU
		{70D9622F-52BF-4ADF-A1C6-A179C339C273}.Release|x86.Build.0 = Release|Any CPU
		{D2CA27DF-524A-4A95-AEB1-D5040C717F9D}.Debug|Any CPU.ActiveCfg = Debug|Any CPU
		{D2CA27DF-524A-4A95-AEB1-D5040C717F9D}.Debug|Any CPU.Build.0 = Debug|Any CPU
		{D2CA27DF-524A-4A95-AEB1-D5040C717F9D}.Debug|x64.ActiveCfg = Debug|Any CPU
		{D2CA27DF-524A-4A95-AEB1-D5040C717F9D}.Debug|x64.Build.0 = Debug|Any CPU
		{D2CA27DF-524A-4A95-AEB1-D5040C717F9D}.Debug|x86.ActiveCfg = Debug|Any CPU
		{D2CA27DF-524A-4A95-AEB1-D5040C717F9D}.Debug|x86.Build.0 = Debug|Any CPU
		{D2CA27DF-524A-4A95-AEB1-D5040C717F9D}.Release|Any CPU.ActiveCfg = Release|Any CPU
		{D2CA27DF-524A-4A95-AEB1-D5040C717F9D}.Release|Any CPU.Build.0 = Release|Any CPU
		{D2CA27DF-524A-4A95-AEB1-D5040C717F9D}.Release|x64.ActiveCfg = Release|Any CPU
		{D2CA27DF-524A-4A95-AEB1-D5040C717F9D}.Release|x64.Build.0 = Release|Any CPU
		{D2CA27DF-524A-4A95-AEB1-D5040C717F9D}.Release|x86.ActiveCfg = Release|Any CPU
		{D2CA27DF-524A-4A95-AEB1-D5040C717F9D}.Release|x86.Build.0 = Release|Any CPU
		{60EC7946-0E69-4155-BA3C-5FABC974D2B4}.Debug|Any CPU.ActiveCfg = Debug|Any CPU
		{60EC7946-0E69-4155-BA3C-5FABC974D2B4}.Debug|Any CPU.Build.0 = Debug|Any CPU
		{60EC7946-0E69-4155-BA3C-5FABC974D2B4}.Debug|x64.ActiveCfg = Debug|Any CPU
		{60EC7946-0E69-4155-BA3C-5FABC974D2B4}.Debug|x64.Build.0 = Debug|Any CPU
		{60EC7946-0E69-4155-BA3C-5FABC974D2B4}.Debug|x86.ActiveCfg = Debug|Any CPU
		{60EC7946-0E69-4155-BA3C-5FABC974D2B4}.Debug|x86.Build.0 = Debug|Any CPU
		{60EC7946-0E69-4155-BA3C-5FABC974D2B4}.Release|Any CPU.ActiveCfg = Release|Any CPU
		{60EC7946-0E69-4155-BA3C-5FABC974D2B4}.Release|Any CPU.Build.0 = Release|Any CPU
		{60EC7946-0E69-4155-BA3C-5FABC974D2B4}.Release|x64.ActiveCfg = Release|Any CPU
		{60EC7946-0E69-4155-BA3C-5FABC974D2B4}.Release|x64.Build.0 = Release|Any CPU
		{60EC7946-0E69-4155-BA3C-5FABC974D2B4}.Release|x86.ActiveCfg = Release|Any CPU
		{60EC7946-0E69-4155-BA3C-5FABC974D2B4}.Release|x86.Build.0 = Release|Any CPU
		{B71A9A02-EC13-45F9-8038-1A7FA058443A}.Debug|Any CPU.ActiveCfg = Debug|Any CPU
		{B71A9A02-EC13-45F9-8038-1A7FA058443A}.Debug|Any CPU.Build.0 = Debug|Any CPU
		{B71A9A02-EC13-45F9-8038-1A7FA058443A}.Debug|x64.ActiveCfg = Debug|Any CPU
		{B71A9A02-EC13-45F9-8038-1A7FA058443A}.Debug|x64.Build.0 = Debug|Any CPU
		{B71A9A02-EC13-45F9-8038-1A7FA058443A}.Debug|x86.ActiveCfg = Debug|Any CPU
		{B71A9A02-EC13-45F9-8038-1A7FA058443A}.Debug|x86.Build.0 = Debug|Any CPU
		{B71A9A02-EC13-45F9-8038-1A7FA058443A}.Release|Any CPU.ActiveCfg = Release|Any CPU
		{B71A9A02-EC13-45F9-8038-1A7FA058443A}.Release|Any CPU.Build.0 = Release|Any CPU
		{B71A9A02-EC13-45F9-8038-1A7FA058443A}.Release|x64.ActiveCfg = Release|Any CPU
		{B71A9A02-EC13-45F9-8038-1A7FA058443A}.Release|x64.Build.0 = Release|Any CPU
		{B71A9A02-EC13-45F9-8038-1A7FA058443A}.Release|x86.ActiveCfg = Release|Any CPU
		{B71A9A02-EC13-45F9-8038-1A7FA058443A}.Release|x86.Build.0 = Release|Any CPU
		{7FB432B3-9906-4D41-B584-3B95CCB41358}.Debug|Any CPU.ActiveCfg = Debug|Any CPU
		{7FB432B3-9906-4D41-B584-3B95CCB41358}.Debug|Any CPU.Build.0 = Debug|Any CPU
		{7FB432B3-9906-4D41-B584-3B95CCB41358}.Debug|x64.ActiveCfg = Debug|Any CPU
		{7FB432B3-9906-4D41-B584-3B95CCB41358}.Debug|x64.Build.0 = Debug|Any CPU
		{7FB432B3-9906-4D41-B584-3B95CCB41358}.Debug|x86.ActiveCfg = Debug|Any CPU
		{7FB432B3-9906-4D41-B584-3B95CCB41358}.Debug|x86.Build.0 = Debug|Any CPU
		{7FB432B3-9906-4D41-B584-3B95CCB41358}.Release|Any CPU.ActiveCfg = Release|Any CPU
		{7FB432B3-9906-4D41-B584-3B95CCB41358}.Release|Any CPU.Build.0 = Release|Any CPU
		{7FB432B3-9906-4D41-B584-3B95CCB41358}.Release|x64.ActiveCfg = Release|Any CPU
		{7FB432B3-9906-4D41-B584-3B95CCB41358}.Release|x64.Build.0 = Release|Any CPU
		{7FB432B3-9906-4D41-B584-3B95CCB41358}.Release|x86.ActiveCfg = Release|Any CPU
		{7FB432B3-9906-4D41-B584-3B95CCB41358}.Release|x86.Build.0 = Release|Any CPU
		{D40DE669-D6C4-4728-A49F-DE062D64E438}.Debug|Any CPU.ActiveCfg = Debug|Any CPU
		{D40DE669-D6C4-4728-A49F-DE062D64E438}.Debug|Any CPU.Build.0 = Debug|Any CPU
		{D40DE669-D6C4-4728-A49F-DE062D64E438}.Debug|x64.ActiveCfg = Debug|Any CPU
		{D40DE669-D6C4-4728-A49F-DE062D64E438}.Debug|x64.Build.0 = Debug|Any CPU
		{D40DE669-D6C4-4728-A49F-DE062D64E438}.Debug|x86.ActiveCfg = Debug|Any CPU
		{D40DE669-D6C4-4728-A49F-DE062D64E438}.Debug|x86.Build.0 = Debug|Any CPU
		{D40DE669-D6C4-4728-A49F-DE062D64E438}.Release|Any CPU.ActiveCfg = Release|Any CPU
		{D40DE669-D6C4-4728-A49F-DE062D64E438}.Release|Any CPU.Build.0 = Release|Any CPU
		{D40DE669-D6C4-4728-A49F-DE062D64E438}.Release|x64.ActiveCfg = Release|Any CPU
		{D40DE669-D6C4-4728-A49F-DE062D64E438}.Release|x64.Build.0 = Release|Any CPU
		{D40DE669-D6C4-4728-A49F-DE062D64E438}.Release|x86.ActiveCfg = Release|Any CPU
		{D40DE669-D6C4-4728-A49F-DE062D64E438}.Release|x86.Build.0 = Release|Any CPU
	EndGlobalSection
	GlobalSection(SolutionProperties) = preSolution
		HideSolutionNode = FALSE
	EndGlobalSection
	GlobalSection(ExtensibilityGlobals) = postSolution
		SolutionGuid = {CF680427-0411-401E-83B5-74CE651BAA08}
	EndGlobalSection
EndGlobal
