
Microsoft Visual Studio Solution File, Format Version 12.00
# Visual Studio Version 17
VisualStudioVersion = 17.0.31919.166
MinimumVisualStudioVersion = 16.0.0.0
Project("{9A19103F-16F7-4668-BE54-9A1E7A4F7556}") = "PlanningPoker.Server", "src\Server\PlanningPoker.Server.csproj", "{E00022E5-EB9A-409F-A96C-372B8315A3D4}"
EndProject
Project("{9A19103F-16F7-4668-BE54-9A1E7A4F7556}") = "PlanningPoker.Client", "src\Client\PlanningPoker.Client.csproj", "{F2BF3D26-A471-44AA-8A3E-E0E7C364BAC1}"
EndProject
Project("{9A19103F-16F7-4668-BE54-9A1E7A4F7556}") = "PlanningPoker.Shared", "src\Shared\PlanningPoker.Shared.csproj", "{0D6EFE3C-DAFC-4CBD-A164-A32B0C2DB2F8}"
EndProject
Project("{9A19103F-16F7-4668-BE54-9A1E7A4F7556}") = "_build", "build\_build.csproj", "{70D9622F-52BF-4ADF-A1C6-A179C339C273}"
EndProject
Global
	GlobalSection(SolutionConfigurationPlatforms) = preSolution
		Debug|Any CPU = Debug|Any CPU
		Debug|x64 = Debug|x64
		Debug|x86 = Debug|x86
		Release|Any CPU = Release|Any CPU
		Release|x64 = Release|x64
		Release|x86 = Release|x86
	EndGlobalSection
	GlobalSection(ProjectConfigurationPlatforms) = postSolution
		{E00022E5-EB9A-409F-A96C-372B8315A3D4}.Debug|Any CPU.ActiveCfg = Debug|Any CPU
		{E00022E5-EB9A-409F-A96C-372B8315A3D4}.Debug|Any CPU.Build.0 = Debug|Any CPU
		{E00022E5-EB9A-409F-A96C-372B8315A3D4}.Debug|x64.ActiveCfg = Debug|Any CPU
		{E00022E5-EB9A-409F-A96C-372B8315A3D4}.Debug|x64.Build.0 = Debug|Any CPU
		{E00022E5-EB9A-409F-A96C-372B8315A3D4}.Debug|x86.ActiveCfg = Debug|Any CPU
		{E00022E5-EB9A-409F-A96C-372B8315A3D4}.Debug|x86.Build.0 = Debug|Any CPU
		{E00022E5-EB9A-409F-A96C-372B8315A3D4}.Release|Any CPU.ActiveCfg = Release|Any CPU
		{E00022E5-EB9A-409F-A96C-372B8315A3D4}.Release|Any CPU.Build.0 = Release|Any CPU
		{E00022E5-EB9A-409F-A96C-372B8315A3D4}.Release|x64.ActiveCfg = Release|Any CPU
		{E00022E5-EB9A-409F-A96C-372B8315A3D4}.Release|x64.Build.0 = Release|Any CPU
		{E00022E5-EB9A-409F-A96C-372B8315A3D4}.Release|x86.ActiveCfg = Release|Any CPU
		{E00022E5-EB9A-409F-A96C-372B8315A3D4}.Release|x86.Build.0 = Release|Any CPU
		{F2BF3D26-A471-44AA-8A3E-E0E7C364BAC1}.Debug|Any CPU.ActiveCfg = Debug|Any CPU
		{F2BF3D26-A471-44AA-8A3E-E0E7C364BAC1}.Debug|Any CPU.Build.0 = Debug|Any CPU
		{F2BF3D26-A471-44AA-8A3E-E0E7C364BAC1}.Debug|x64.ActiveCfg = Debug|Any CPU
		{F2BF3D26-A471-44AA-8A3E-E0E7C364BAC1}.Debug|x64.Build.0 = Debug|Any CPU
		{F2BF3D26-A471-44AA-8A3E-E0E7C364BAC1}.Debug|x86.ActiveCfg = Debug|Any CPU
		{F2BF3D26-A471-44AA-8A3E-E0E7C364BAC1}.Debug|x86.Build.0 = Debug|Any CPU
		{F2BF3D26-A471-44AA-8A3E-E0E7C364BAC1}.Release|Any CPU.ActiveCfg = Release|Any CPU
		{F2BF3D26-A471-44AA-8A3E-E0E7C364BAC1}.Release|Any CPU.Build.0 = Release|Any CPU
		{F2BF3D26-A471-44AA-8A3E-E0E7C364BAC1}.Release|x64.ActiveCfg = Release|Any CPU
		{F2BF3D26-A471-44AA-8A3E-E0E7C364BAC1}.Release|x64.Build.0 = Release|Any CPU
		{F2BF3D26-A471-44AA-8A3E-E0E7C364BAC1}.Release|x86.ActiveCfg = Release|Any CPU
		{F2BF3D26-A471-44AA-8A3E-E0E7C364BAC1}.Release|x86.Build.0 = Release|Any CPU
		{0D6EFE3C-DAFC-4CBD-A164-A32B0C2DB2F8}.Debug|Any CPU.ActiveCfg = Debug|Any CPU
		{0D6EFE3C-DAFC-4CBD-A164-A32B0C2DB2F8}.Debug|Any CPU.Build.0 = Debug|Any CPU
		{0D6EFE3C-DAFC-4CBD-A164-A32B0C2DB2F8}.Debug|x64.ActiveCfg = Debug|Any CPU
		{0D6EFE3C-DAFC-4CBD-A164-A32B0C2DB2F8}.Debug|x64.Build.0 = Debug|Any CPU
		{0D6EFE3C-DAFC-4CBD-A164-A32B0C2DB2F8}.Debug|x86.ActiveCfg = Debug|Any CPU
		{0D6EFE3C-DAFC-4CBD-A164-A32B0C2DB2F8}.Debug|x86.Build.0 = Debug|Any CPU
		{0D6EFE3C-DAFC-4CBD-A164-A32B0C2DB2F8}.Release|Any CPU.ActiveCfg = Release|Any CPU
		{0D6EFE3C-DAFC-4CBD-A164-A32B0C2DB2F8}.Release|Any CPU.Build.0 = Release|Any CPU
		{0D6EFE3C-DAFC-4CBD-A164-A32B0C2DB2F8}.Release|x64.ActiveCfg = Release|Any CPU
		{0D6EFE3C-DAFC-4CBD-A164-A32B0C2DB2F8}.Release|x64.Build.0 = Release|Any CPU
		{0D6EFE3C-DAFC-4CBD-A164-A32B0C2DB2F8}.Release|x86.ActiveCfg = Release|Any CPU
		{0D6EFE3C-DAFC-4CBD-A164-A32B0C2DB2F8}.Release|x86.Build.0 = Release|Any CPU
		{70D9622F-52BF-4ADF-A1C6-A179C339C273}.Debug|Any CPU.ActiveCfg = Debug|Any CPU
		{70D9622F-52BF-4ADF-A1C6-A179C339C273}.Debug|x64.ActiveCfg = Debug|Any CPU
		{70D9622F-52BF-4ADF-A1C6-A179C339C273}.Debug|x64.Build.0 = Debug|Any CPU
		{70D9622F-52BF-4ADF-A1C6-A179C339C273}.Debug|x86.ActiveCfg = Debug|Any CPU
		{70D9622F-52BF-4ADF-A1C6-A179C339C273}.Debug|x86.Build.0 = Debug|Any CPU
		{70D9622F-52BF-4ADF-A1C6-A179C339C273}.Release|Any CPU.ActiveCfg = Release|Any CPU
		{70D9622F-52BF-4ADF-A1C6-A179C339C273}.Release|x64.ActiveCfg = Release|Any CPU
		{70D9622F-52BF-4ADF-A1C6-A179C339C273}.Release|x64.Build.0 = Release|Any CPU
		{70D9622F-52BF-4ADF-A1C6-A179C339C273}.Release|x86.ActiveCfg = Release|Any CPU
		{70D9622F-52BF-4ADF-A1C6-A179C339C273}.Release|x86.Build.0 = Release|Any CPU
	EndGlobalSection
	GlobalSection(SolutionProperties) = preSolution
		HideSolutionNode = FALSE
	EndGlobalSection
	GlobalSection(ExtensibilityGlobals) = postSolution
		SolutionGuid = {CF680427-0411-401E-83B5-74CE651BAA08}
	EndGlobalSection
EndGlobal
